
Microsoft Visual Studio Solution File, Format Version 12.00
# Visual Studio Version 16
VisualStudioVersion = 16.0.31229.75
MinimumVisualStudioVersion = 10.0.40219.1
Project("{FAE04EC0-301F-11D3-BF4B-00C04F79EFBC}") = "WpfAppSven", "WpfAppSven.csproj", "{0CA81F83-0EC8-480E-8747-DDCC5F62C108}"
EndProject
Global
	GlobalSection(SolutionConfigurationPlatforms) = preSolution
		Debug|Any CPU = Debug|Any CPU
		Release|Any CPU = Release|Any CPU
	EndGlobalSection
	GlobalSection(ProjectConfigurationPlatforms) = postSolution
		{0CA81F83-0EC8-480E-8747-DDCC5F62C108}.Debug|Any CPU.ActiveCfg = Debug|Any CPU
		{0CA81F83-0EC8-480E-8747-DDCC5F62C108}.Debug|Any CPU.Build.0 = Debug|Any CPU
		{0CA81F83-0EC8-480E-8747-DDCC5F62C108}.Release|Any CPU.ActiveCfg = Release|Any CPU
		{0CA81F83-0EC8-480E-8747-DDCC5F62C108}.Release|Any CPU.Build.0 = Release|Any CPU
	EndGlobalSection
	GlobalSection(SolutionProperties) = preSolution
		HideSolutionNode = FALSE
	EndGlobalSection
	GlobalSection(ExtensibilityGlobals) = postSolution
		SolutionGuid = {D9D34F4F-33EA-408D-B481-DBD5F2551F1D}
	EndGlobalSection
EndGlobal
